
Microsoft Visual Studio Solution File, Format Version 12.00
# Visual Studio Version 16
VisualStudioVersion = 16.0.30114.105
MinimumVisualStudioVersion = 10.0.40219.1
Project("{FAE04EC0-301F-11D3-BF4B-00C04F79EFBC}") = "PashaKursa", "PashaKursa\PashaKursa.csproj", "{207424C8-AEFA-4577-A637-A757D222E087}"
EndProject
Global
	GlobalSection(SolutionConfigurationPlatforms) = preSolution
		Debug|Any CPU = Debug|Any CPU
		Release|Any CPU = Release|Any CPU
	EndGlobalSection
	GlobalSection(ProjectConfigurationPlatforms) = postSolution
		{207424C8-AEFA-4577-A637-A757D222E087}.Debug|Any CPU.ActiveCfg = Debug|Any CPU
		{207424C8-AEFA-4577-A637-A757D222E087}.Debug|Any CPU.Build.0 = Debug|Any CPU
		{207424C8-AEFA-4577-A637-A757D222E087}.Release|Any CPU.ActiveCfg = Release|Any CPU
		{207424C8-AEFA-4577-A637-A757D222E087}.Release|Any CPU.Build.0 = Release|Any CPU
	EndGlobalSection
	GlobalSection(SolutionProperties) = preSolution
		HideSolutionNode = FALSE
	EndGlobalSection
	GlobalSection(ExtensibilityGlobals) = postSolution
		SolutionGuid = {EEB545F6-50C8-45F8-B12D-725BE3DD64CA}
	EndGlobalSection
EndGlobal
